// !$*UTF8*$!
{
	archiveVersion = 1;
	classes = {
	};
	objectVersion = 56;
	objects = {

/* Begin PBXBuildFile section */
		46F5B5182C0E4186001270B2 /* MyHarkApp.swift in Sources */ = {isa = PBXBuildFile; fileRef = 46F5B5172C0E4186001270B2 /* MyHarkApp.swift */; };
		46F5B51C2C0E418A001270B2 /* Assets.xcassets in Resources */ = {isa = PBXBuildFile; fileRef = 46F5B51B2C0E418A001270B2 /* Assets.xcassets */; };
		46F5B51F2C0E418A001270B2 /* Preview Assets.xcassets in Resources */ = {isa = PBXBuildFile; fileRef = 46F5B51E2C0E418A001270B2 /* Preview Assets.xcassets */; };
		46F5B5292C0E42E9001270B2 /* WelcomeView.swift in Sources */ = {isa = PBXBuildFile; fileRef = 46F5B5282C0E42E9001270B2 /* WelcomeView.swift */; };
		46F5B52B2C0E5092001270B2 /* GradeSelectionView.swift in Sources */ = {isa = PBXBuildFile; fileRef = 46F5B52A2C0E5092001270B2 /* GradeSelectionView.swift */; };
		46F5B52D2C11F14B001270B2 /* ClassSelectionView.swift in Sources */ = {isa = PBXBuildFile; fileRef = 46F5B52C2C11F14B001270B2 /* ClassSelectionView.swift */; };
		46F5B52F2C135C06001270B2 /* StudentSelectionView.swift in Sources */ = {isa = PBXBuildFile; fileRef = 46F5B52E2C135C06001270B2 /* StudentSelectionView.swift */; };
		46F5B5312C17780D001270B2 /* StudentView.swift in Sources */ = {isa = PBXBuildFile; fileRef = 46F5B5302C17780D001270B2 /* StudentView.swift */; };
		46F5B5332C177C0A001270B2 /* MyWorkView.swift in Sources */ = {isa = PBXBuildFile; fileRef = 46F5B5322C177C0A001270B2 /* MyWorkView.swift */; };
		46F5B5352C177C27001270B2 /* ClassListView.swift in Sources */ = {isa = PBXBuildFile; fileRef = 46F5B5342C177C27001270B2 /* ClassListView.swift */; };
		46F5B5372C177C49001270B2 /* RecentNotesAndQuestions.swift in Sources */ = {isa = PBXBuildFile; fileRef = 46F5B5362C177C49001270B2 /* RecentNotesAndQuestions.swift */; };
		46F5B5392C178152001270B2 /* NotesView.swift in Sources */ = {isa = PBXBuildFile; fileRef = 46F5B5382C178152001270B2 /* NotesView.swift */; };
		46F5B53B2C178573001270B2 /* ClassListIndividualView.swift in Sources */ = {isa = PBXBuildFile; fileRef = 46F5B53A2C178573001270B2 /* ClassListIndividualView.swift */; };
/* End PBXBuildFile section */

/* Begin PBXFileReference section */
		46F5B5142C0E4186001270B2 /* MyHark.app */ = {isa = PBXFileReference; explicitFileType = wrapper.application; includeInIndex = 0; path = MyHark.app; sourceTree = BUILT_PRODUCTS_DIR; };
		46F5B5172C0E4186001270B2 /* MyHarkApp.swift */ = {isa = PBXFileReference; lastKnownFileType = sourcecode.swift; path = MyHarkApp.swift; sourceTree = "<group>"; };
		46F5B51B2C0E418A001270B2 /* Assets.xcassets */ = {isa = PBXFileReference; lastKnownFileType = folder.assetcatalog; path = Assets.xcassets; sourceTree = "<group>"; };
		46F5B51E2C0E418A001270B2 /* Preview Assets.xcassets */ = {isa = PBXFileReference; lastKnownFileType = folder.assetcatalog; path = "Preview Assets.xcassets"; sourceTree = "<group>"; };
		46F5B5282C0E42E9001270B2 /* WelcomeView.swift */ = {isa = PBXFileReference; lastKnownFileType = sourcecode.swift; path = WelcomeView.swift; sourceTree = "<group>"; };
		46F5B52A2C0E5092001270B2 /* GradeSelectionView.swift */ = {isa = PBXFileReference; lastKnownFileType = sourcecode.swift; path = GradeSelectionView.swift; sourceTree = "<group>"; };
		46F5B52C2C11F14B001270B2 /* ClassSelectionView.swift */ = {isa = PBXFileReference; lastKnownFileType = sourcecode.swift; path = ClassSelectionView.swift; sourceTree = "<group>"; };
		46F5B52E2C135C06001270B2 /* StudentSelectionView.swift */ = {isa = PBXFileReference; lastKnownFileType = sourcecode.swift; path = StudentSelectionView.swift; sourceTree = "<group>"; };
		46F5B5302C17780D001270B2 /* StudentView.swift */ = {isa = PBXFileReference; lastKnownFileType = sourcecode.swift; path = StudentView.swift; sourceTree = "<group>"; };
		46F5B5322C177C0A001270B2 /* MyWorkView.swift */ = {isa = PBXFileReference; lastKnownFileType = sourcecode.swift; path = MyWorkView.swift; sourceTree = "<group>"; };
		46F5B5342C177C27001270B2 /* ClassListView.swift */ = {isa = PBXFileReference; lastKnownFileType = sourcecode.swift; path = ClassListView.swift; sourceTree = "<group>"; };
		46F5B5362C177C49001270B2 /* RecentNotesAndQuestions.swift */ = {isa = PBXFileReference; lastKnownFileType = sourcecode.swift; path = RecentNotesAndQuestions.swift; sourceTree = "<group>"; };
		46F5B5382C178152001270B2 /* NotesView.swift */ = {isa = PBXFileReference; lastKnownFileType = sourcecode.swift; path = NotesView.swift; sourceTree = "<group>"; };
		46F5B53A2C178573001270B2 /* ClassListIndividualView.swift */ = {isa = PBXFileReference; lastKnownFileType = sourcecode.swift; path = ClassListIndividualView.swift; sourceTree = "<group>"; };
/* End PBXFileReference section */

/* Begin PBXFrameworksBuildPhase section */
		46F5B5112C0E4186001270B2 /* Frameworks */ = {
			isa = PBXFrameworksBuildPhase;
			buildActionMask = 2147483647;
			files = (
			);
			runOnlyForDeploymentPostprocessing = 0;
		};
/* End PBXFrameworksBuildPhase section */

/* Begin PBXGroup section */
		46F5B50B2C0E4186001270B2 = {
			isa = PBXGroup;
			children = (
				46F5B5162C0E4186001270B2 /* MyHark */,
				46F5B5152C0E4186001270B2 /* Products */,
			);
			sourceTree = "<group>";
		};
		46F5B5152C0E4186001270B2 /* Products */ = {
			isa = PBXGroup;
			children = (
				46F5B5142C0E4186001270B2 /* MyHark.app */,
			);
			name = Products;
			sourceTree = "<group>";
		};
		46F5B5162C0E4186001270B2 /* MyHark */ = {
			isa = PBXGroup;
			children = (
				46F5B5172C0E4186001270B2 /* MyHarkApp.swift */,
				46F5B5272C0E41E2001270B2 /* Views */,
				46F5B51B2C0E418A001270B2 /* Assets.xcassets */,
				46F5B51D2C0E418A001270B2 /* Preview Content */,
			);
			path = MyHark;
			sourceTree = "<group>";
		};
		46F5B51D2C0E418A001270B2 /* Preview Content */ = {
			isa = PBXGroup;
			children = (
				46F5B51E2C0E418A001270B2 /* Preview Assets.xcassets */,
			);
			path = "Preview Content";
			sourceTree = "<group>";
		};
		46F5B5272C0E41E2001270B2 /* Views */ = {
			isa = PBXGroup;
			children = (
				46F5B5282C0E42E9001270B2 /* WelcomeView.swift */,
				46F5B52A2C0E5092001270B2 /* GradeSelectionView.swift */,
				46F5B52C2C11F14B001270B2 /* ClassSelectionView.swift */,
				46F5B52E2C135C06001270B2 /* StudentSelectionView.swift */,
				46F5B5302C17780D001270B2 /* StudentView.swift */,
				46F5B5322C177C0A001270B2 /* MyWorkView.swift */,
				46F5B5382C178152001270B2 /* NotesView.swift */,
				46F5B5342C177C27001270B2 /* ClassListView.swift */,
				46F5B53A2C178573001270B2 /* ClassListIndividualView.swift */,
				46F5B5362C177C49001270B2 /* RecentNotesAndQuestions.swift */,
			);
			path = Views;
			sourceTree = "<group>";
		};
/* End PBXGroup section */

/* Begin PBXNativeTarget section */
		46F5B5132C0E4186001270B2 /* MyHark */ = {
			isa = PBXNativeTarget;
			buildConfigurationList = 46F5B5222C0E418A001270B2 /* Build configuration list for PBXNativeTarget "MyHark" */;
			buildPhases = (
				46F5B5102C0E4186001270B2 /* Sources */,
				46F5B5112C0E4186001270B2 /* Frameworks */,
				46F5B5122C0E4186001270B2 /* Resources */,
			);
			buildRules = (
			);
			dependencies = (
			);
			name = MyHark;
			productName = MyHark;
			productReference = 46F5B5142C0E4186001270B2 /* MyHark.app */;
			productType = "com.apple.product-type.application";
		};
/* End PBXNativeTarget section */

/* Begin PBXProject section */
		46F5B50C2C0E4186001270B2 /* Project object */ = {
			isa = PBXProject;
			attributes = {
				BuildIndependentTargetsInParallel = 1;
				LastSwiftUpdateCheck = 1520;
				LastUpgradeCheck = 1520;
				TargetAttributes = {
					46F5B5132C0E4186001270B2 = {
						CreatedOnToolsVersion = 15.2;
					};
				};
			};
			buildConfigurationList = 46F5B50F2C0E4186001270B2 /* Build configuration list for PBXProject "MyHark" */;
			compatibilityVersion = "Xcode 14.0";
			developmentRegion = en;
			hasScannedForEncodings = 0;
			knownRegions = (
				en,
				Base,
			);
			mainGroup = 46F5B50B2C0E4186001270B2;
			productRefGroup = 46F5B5152C0E4186001270B2 /* Products */;
			projectDirPath = "";
			projectRoot = "";
			targets = (
				46F5B5132C0E4186001270B2 /* MyHark */,
			);
		};
/* End PBXProject section */

/* Begin PBXResourcesBuildPhase section */
		46F5B5122C0E4186001270B2 /* Resources */ = {
			isa = PBXResourcesBuildPhase;
			buildActionMask = 2147483647;
			files = (
				46F5B51F2C0E418A001270B2 /* Preview Assets.xcassets in Resources */,
				46F5B51C2C0E418A001270B2 /* Assets.xcassets in Resources */,
			);
			runOnlyForDeploymentPostprocessing = 0;
		};
/* End PBXResourcesBuildPhase section */

/* Begin PBXSourcesBuildPhase section */
		46F5B5102C0E4186001270B2 /* Sources */ = {
			isa = PBXSourcesBuildPhase;
			buildActionMask = 2147483647;
			files = (
				46F5B53B2C178573001270B2 /* ClassListIndividualView.swift in Sources */,
				46F5B5182C0E4186001270B2 /* MyHarkApp.swift in Sources */,
				46F5B52F2C135C06001270B2 /* StudentSelectionView.swift in Sources */,
				46F5B5392C178152001270B2 /* NotesView.swift in Sources */,
				46F5B5292C0E42E9001270B2 /* WelcomeView.swift in Sources */,
				46F5B5352C177C27001270B2 /* ClassListView.swift in Sources */,
				46F5B52D2C11F14B001270B2 /* ClassSelectionView.swift in Sources */,
				46F5B5372C177C49001270B2 /* RecentNotesAndQuestions.swift in Sources */,
				46F5B5312C17780D001270B2 /* StudentView.swift in Sources */,
				46F5B5332C177C0A001270B2 /* MyWorkView.swift in Sources */,
				46F5B52B2C0E5092001270B2 /* GradeSelectionView.swift in Sources */,
			);
			runOnlyForDeploymentPostprocessing = 0;
		};
/* End PBXSourcesBuildPhase section */

/* Begin XCBuildConfiguration section */
		46F5B5202C0E418A001270B2 /* Debug */ = {
			isa = XCBuildConfiguration;
			buildSettings = {
				ALWAYS_SEARCH_USER_PATHS = NO;
				ASSETCATALOG_COMPILER_GENERATE_SWIFT_ASSET_SYMBOL_EXTENSIONS = YES;
				CLANG_ANALYZER_NONNULL = YES;
				CLANG_ANALYZER_NUMBER_OBJECT_CONVERSION = YES_AGGRESSIVE;
				CLANG_CXX_LANGUAGE_STANDARD = "gnu++20";
				CLANG_ENABLE_MODULES = YES;
				CLANG_ENABLE_OBJC_ARC = YES;
				CLANG_ENABLE_OBJC_WEAK = YES;
				CLANG_WARN_BLOCK_CAPTURE_AUTORELEASING = YES;
				CLANG_WARN_BOOL_CONVERSION = YES;
				CLANG_WARN_COMMA = YES;
				CLANG_WARN_CONSTANT_CONVERSION = YES;
				CLANG_WARN_DEPRECATED_OBJC_IMPLEMENTATIONS = YES;
				CLANG_WARN_DIRECT_OBJC_ISA_USAGE = YES_ERROR;
				CLANG_WARN_DOCUMENTATION_COMMENTS = YES;
				CLANG_WARN_EMPTY_BODY = YES;
				CLANG_WARN_ENUM_CONVERSION = YES;
				CLANG_WARN_INFINITE_RECURSION = YES;
				CLANG_WARN_INT_CONVERSION = YES;
				CLANG_WARN_NON_LITERAL_NULL_CONVERSION = YES;
				CLANG_WARN_OBJC_IMPLICIT_RETAIN_SELF = YES;
				CLANG_WARN_OBJC_LITERAL_CONVERSION = YES;
				CLANG_WARN_OBJC_ROOT_CLASS = YES_ERROR;
				CLANG_WARN_QUOTED_INCLUDE_IN_FRAMEWORK_HEADER = YES;
				CLANG_WARN_RANGE_LOOP_ANALYSIS = YES;
				CLANG_WARN_STRICT_PROTOTYPES = YES;
				CLANG_WARN_SUSPICIOUS_MOVE = YES;
				CLANG_WARN_UNGUARDED_AVAILABILITY = YES_AGGRESSIVE;
				CLANG_WARN_UNREACHABLE_CODE = YES;
				CLANG_WARN__DUPLICATE_METHOD_MATCH = YES;
				COPY_PHASE_STRIP = NO;
				DEBUG_INFORMATION_FORMAT = dwarf;
				ENABLE_STRICT_OBJC_MSGSEND = YES;
				ENABLE_TESTABILITY = YES;
				ENABLE_USER_SCRIPT_SANDBOXING = YES;
				GCC_C_LANGUAGE_STANDARD = gnu17;
				GCC_DYNAMIC_NO_PIC = NO;
				GCC_NO_COMMON_BLOCKS = YES;
				GCC_OPTIMIZATION_LEVEL = 0;
				GCC_PREPROCESSOR_DEFINITIONS = (
					"DEBUG=1",
					"$(inherited)",
				);
				GCC_WARN_64_TO_32_BIT_CONVERSION = YES;
				GCC_WARN_ABOUT_RETURN_TYPE = YES_ERROR;
				GCC_WARN_UNDECLARED_SELECTOR = YES;
				GCC_WARN_UNINITIALIZED_AUTOS = YES_AGGRESSIVE;
				GCC_WARN_UNUSED_FUNCTION = YES;
				GCC_WARN_UNUSED_VARIABLE = YES;
				IPHONEOS_DEPLOYMENT_TARGET = 17.2;
				LOCALIZATION_PREFERS_STRING_CATALOGS = YES;
				MTL_ENABLE_DEBUG_INFO = INCLUDE_SOURCE;
				MTL_FAST_MATH = YES;
				ONLY_ACTIVE_ARCH = YES;
				SDKROOT = iphoneos;
				SWIFT_ACTIVE_COMPILATION_CONDITIONS = "DEBUG $(inherited)";
				SWIFT_OPTIMIZATION_LEVEL = "-Onone";
			};
			name = Debug;
		};
		46F5B5212C0E418A001270B2 /* Release */ = {
			isa = XCBuildConfiguration;
			buildSettings = {
				ALWAYS_SEARCH_USER_PATHS = NO;
				ASSETCATALOG_COMPILER_GENERATE_SWIFT_ASSET_SYMBOL_EXTENSIONS = YES;
				CLANG_ANALYZER_NONNULL = YES;
				CLANG_ANALYZER_NUMBER_OBJECT_CONVERSION = YES_AGGRESSIVE;
				CLANG_CXX_LANGUAGE_STANDARD = "gnu++20";
				CLANG_ENABLE_MODULES = YES;
				CLANG_ENABLE_OBJC_ARC = YES;
				CLANG_ENABLE_OBJC_WEAK = YES;
				CLANG_WARN_BLOCK_CAPTURE_AUTORELEASING = YES;
				CLANG_WARN_BOOL_CONVERSION = YES;
				CLANG_WARN_COMMA = YES;
				CLANG_WARN_CONSTANT_CONVERSION = YES;
				CLANG_WARN_DEPRECATED_OBJC_IMPLEMENTATIONS = YES;
				CLANG_WARN_DIRECT_OBJC_ISA_USAGE = YES_ERROR;
				CLANG_WARN_DOCUMENTATION_COMMENTS = YES;
				CLANG_WARN_EMPTY_BODY = YES;
				CLANG_WARN_ENUM_CONVERSION = YES;
				CLANG_WARN_INFINITE_RECURSION = YES;
				CLANG_WARN_INT_CONVERSION = YES;
				CLANG_WARN_NON_LITERAL_NULL_CONVERSION = YES;
				CLANG_WARN_OBJC_IMPLICIT_RETAIN_SELF = YES;
				CLANG_WARN_OBJC_LITERAL_CONVERSION = YES;
				CLANG_WARN_OBJC_ROOT_CLASS = YES_ERROR;
				CLANG_WARN_QUOTED_INCLUDE_IN_FRAMEWORK_HEADER = YES;
				CLANG_WARN_RANGE_LOOP_ANALYSIS = YES;
				CLANG_WARN_STRICT_PROTOTYPES = YES;
				CLANG_WARN_SUSPICIOUS_MOVE = YES;
				CLANG_WARN_UNGUARDED_AVAILABILITY = YES_AGGRESSIVE;
				CLANG_WARN_UNREACHABLE_CODE = YES;
				CLANG_WARN__DUPLICATE_METHOD_MATCH = YES;
				COPY_PHASE_STRIP = NO;
				DEBUG_INFORMATION_FORMAT = "dwarf-with-dsym";
				ENABLE_NS_ASSERTIONS = NO;
				ENABLE_STRICT_OBJC_MSGSEND = YES;
				ENABLE_USER_SCRIPT_SANDBOXING = YES;
				GCC_C_LANGUAGE_STANDARD = gnu17;
				GCC_NO_COMMON_BLOCKS = YES;
				GCC_WARN_64_TO_32_BIT_CONVERSION = YES;
				GCC_WARN_ABOUT_RETURN_TYPE = YES_ERROR;
				GCC_WARN_UNDECLARED_SELECTOR = YES;
				GCC_WARN_UNINITIALIZED_AUTOS = YES_AGGRESSIVE;
				GCC_WARN_UNUSED_FUNCTION = YES;
				GCC_WARN_UNUSED_VARIABLE = YES;
				IPHONEOS_DEPLOYMENT_TARGET = 17.2;
				LOCALIZATION_PREFERS_STRING_CATALOGS = YES;
				MTL_ENABLE_DEBUG_INFO = NO;
				MTL_FAST_MATH = YES;
				SDKROOT = iphoneos;
				SWIFT_COMPILATION_MODE = wholemodule;
				VALIDATE_PRODUCT = YES;
			};
			name = Release;
		};
		46F5B5232C0E418A001270B2 /* Debug */ = {
			isa = XCBuildConfiguration;
			buildSettings = {
				ASSETCATALOG_COMPILER_APPICON_NAME = AppIcon;
				ASSETCATALOG_COMPILER_GLOBAL_ACCENT_COLOR_NAME = AccentColor;
				CODE_SIGN_STYLE = Automatic;
				CURRENT_PROJECT_VERSION = 1;
				DEVELOPMENT_ASSET_PATHS = "\"MyHark/Preview Content\"";
				DEVELOPMENT_TEAM = 375ANLL4RU;
				ENABLE_PREVIEWS = YES;
				GENERATE_INFOPLIST_FILE = YES;
				INFOPLIST_KEY_UIApplicationSceneManifest_Generation = YES;
				INFOPLIST_KEY_UIApplicationSupportsIndirectInputEvents = YES;
				INFOPLIST_KEY_UILaunchScreen_Generation = YES;
				INFOPLIST_KEY_UISupportedInterfaceOrientations_iPad = "UIInterfaceOrientationPortrait UIInterfaceOrientationPortraitUpsideDown UIInterfaceOrientationLandscapeLeft UIInterfaceOrientationLandscapeRight";
				INFOPLIST_KEY_UISupportedInterfaceOrientations_iPhone = "UIInterfaceOrientationPortrait UIInterfaceOrientationLandscapeLeft UIInterfaceOrientationLandscapeRight";
				LD_RUNPATH_SEARCH_PATHS = (
					"$(inherited)",
					"@executable_path/Frameworks",
				);
				MARKETING_VERSION = 1.0;
				PRODUCT_BUNDLE_IDENTIFIER = ca.carivandermerwe.MyHark;
				PRODUCT_NAME = "$(TARGET_NAME)";
				SWIFT_EMIT_LOC_STRINGS = YES;
				SWIFT_VERSION = 5.0;
				TARGETED_DEVICE_FAMILY = "1,2";
			};
			name = Debug;
		};
		46F5B5242C0E418A001270B2 /* Release */ = {
			isa = XCBuildConfiguration;
			buildSettings = {
				ASSETCATALOG_COMPILER_APPICON_NAME = AppIcon;
				ASSETCATALOG_COMPILER_GLOBAL_ACCENT_COLOR_NAME = AccentColor;
				CODE_SIGN_STYLE = Automatic;
				CURRENT_PROJECT_VERSION = 1;
				DEVELOPMENT_ASSET_PATHS = "\"MyHark/Preview Content\"";
				DEVELOPMENT_TEAM = 375ANLL4RU;
				ENABLE_PREVIEWS = YES;
				GENERATE_INFOPLIST_FILE = YES;
				INFOPLIST_KEY_UIApplicationSceneManifest_Generation = YES;
				INFOPLIST_KEY_UIApplicationSupportsIndirectInputEvents = YES;
				INFOPLIST_KEY_UILaunchScreen_Generation = YES;
				INFOPLIST_KEY_UISupportedInterfaceOrientations_iPad = "UIInterfaceOrientationPortrait UIInterfaceOrientationPortraitUpsideDown UIInterfaceOrientationLandscapeLeft UIInterfaceOrientationLandscapeRight";
				INFOPLIST_KEY_UISupportedInterfaceOrientations_iPhone = "UIInterfaceOrientationPortrait UIInterfaceOrientationLandscapeLeft UIInterfaceOrientationLandscapeRight";
				LD_RUNPATH_SEARCH_PATHS = (
					"$(inherited)",
					"@executable_path/Frameworks",
				);
				MARKETING_VERSION = 1.0;
				PRODUCT_BUNDLE_IDENTIFIER = ca.carivandermerwe.MyHark;
				PRODUCT_NAME = "$(TARGET_NAME)";
				SWIFT_EMIT_LOC_STRINGS = YES;
				SWIFT_VERSION = 5.0;
				TARGETED_DEVICE_FAMILY = "1,2";
			};
			name = Release;
		};
/* End XCBuildConfiguration section */

/* Begin XCConfigurationList section */
		46F5B50F2C0E4186001270B2 /* Build configuration list for PBXProject "MyHark" */ = {
			isa = XCConfigurationList;
			buildConfigurations = (
				46F5B5202C0E418A001270B2 /* Debug */,
				46F5B5212C0E418A001270B2 /* Release */,
			);
			defaultConfigurationIsVisible = 0;
			defaultConfigurationName = Release;
		};
		46F5B5222C0E418A001270B2 /* Build configuration list for PBXNativeTarget "MyHark" */ = {
			isa = XCConfigurationList;
			buildConfigurations = (
				46F5B5232C0E418A001270B2 /* Debug */,
				46F5B5242C0E418A001270B2 /* Release */,
			);
			defaultConfigurationIsVisible = 0;
			defaultConfigurationName = Release;
		};
/* End XCConfigurationList section */
	};
	rootObject = 46F5B50C2C0E4186001270B2 /* Project object */;
}
